dario.cat/mergo v1.0.2 h1:85+piFYR1tMbRrLcDwR18y4UKJ3aH1Tbzi24VRW1TK8=
dario.cat/mergo v1.0.2/go.mod h1:E/hbnu0NxMFBjpMIE34DRGLWqDy0g5FuKDhCb31ngxA=
github.com/davecgh/go-spew v1.1.1 h1:vj9j/u1bqnvCEfJOwUhtlOARqs3+rkHYY13jYWTU97c=
github.com/goccy/go-json v0.10.5 h1:Fq85nIqj+gXn/S5ahsiTlK3TmC85qgirsdTP/+DeaC4=
github.com/goccy/go-json v0.10.5/go.mod h1:oq7eo15ShAhp70Anwd5lgX2pLfOS3QCiwU/PULtXL6M=
github.com/pmezard/go-difflib v1.0.0 h1:4DBwDE0NGyQoBHbLQYPwSUPoCMWR5BEzIk/f1lZbAQM=
github.com/qwerty-iot/dtls/v2 v2.9.5 h1:PQwYkaOZDUmQUIhz9iL6NsHopfaEsa8o18JOdl/aSxE=
github.com/qwerty-iot/dtls/v2 v2.9.5/go.mod h1:87XWgs2aT2E2AsYQauuoB/X4a1zRQAyB62+mkWfA7C0=
github.com/qwerty-iot/tox v1.4.3 h1:Y5KLGbEVyn3GHLRMX7rLQlUU6oKyRVfOnfjMHJpijwU=
github.com/qwerty-iot/tox v1.4.3/go.mod h1:5p6yTkpftijqwTdKkb9F3rfmf3RWUnrDOHZ8Azzx96o=
github.com/stretchr/testify v1.11.1 h1:7s2iGBzp5EwR7/aIZr8ao5+dra3wiQyKjjFuvgVKu7U=
gopkg.in/yaml.v3 v3.0.1 h1:fxVm/GzAzEWqLHuvctI91KS9hhNmmWOoWu0XTYJS7CA=
